
Microsoft Visual Studio Solution File, Format Version 12.00
# Visual Studio Version 17
VisualStudioVersion = 17.9.34622.214
MinimumVisualStudioVersion = 10.0.40219.1
Project("{8BC9CEB8-8B4A-11D0-8D11-00A0C91BC942}") = "Bai01", "Bai01\Bai01.vcxproj", "{E898B2DA-FDA6-4479-AC28-CF5A722C3D43}"
EndProject
Project("{8BC9CEB8-8B4A-11D0-8D11-00A0C91BC942}") = "Bai02", "Bai02\Bai02.vcxproj", "{84F97AC8-EBD9-4796-B4B2-A341B162B17A}"
EndProject
Project("{8BC9CEB8-8B4A-11D0-8D11-00A0C91BC942}") = "Bai03", "Bai03\Bai03.vcxproj", "{86CCC772-B363-47A7-A369-32F6746A24E8}"
EndProject
Project("{8BC9CEB8-8B4A-11D0-8D11-00A0C91BC942}") = "Bai04", "Bai04\Bai04.vcxproj", "{5669EBAD-9A93-4085-8CCE-89A08B4DEB9F}"
EndProject
Project("{8BC9CEB8-8B4A-11D0-8D11-00A0C91BC942}") = "Bai05", "Bai05\Bai05.vcxproj", "{E2BAD004-3C41-499A-BEDC-A56FF152932B}"
EndProject
Project("{8BC9CEB8-8B4A-11D0-8D11-00A0C91BC942}") = "Bai06", "Bai06\Bai06.vcxproj", "{B00FAB95-F039-4290-8365-ED4BFF9069B9}"
EndProject
Global
	GlobalSection(SolutionConfigurationPlatforms) = preSolution
		Debug|x64 = Debug|x64
		Debug|x86 = Debug|x86
		Release|x64 = Release|x64
		Release|x86 = Release|x86
	EndGlobalSection
	GlobalSection(ProjectConfigurationPlatforms) = postSolution
		{E898B2DA-FDA6-4479-AC28-CF5A722C3D43}.Debug|x64.ActiveCfg = Debug|x64
		{E898B2DA-FDA6-4479-AC28-CF5A722C3D43}.Debug|x64.Build.0 = Debug|x64
		{E898B2DA-FDA6-4479-AC28-CF5A722C3D43}.Debug|x86.ActiveCfg = Debug|Win32
		{E898B2DA-FDA6-4479-AC28-CF5A722C3D43}.Debug|x86.Build.0 = Debug|Win32
		{E898B2DA-FDA6-4479-AC28-CF5A722C3D43}.Release|x64.ActiveCfg = Release|x64
		{E898B2DA-FDA6-4479-AC28-CF5A722C3D43}.Release|x64.Build.0 = Release|x64
		{E898B2DA-FDA6-4479-AC28-CF5A722C3D43}.Release|x86.ActiveCfg = Release|Win32
		{E898B2DA-FDA6-4479-AC28-CF5A722C3D43}.Release|x86.Build.0 = Release|Win32
		{84F97AC8-EBD9-4796-B4B2-A341B162B17A}.Debug|x64.ActiveCfg = Debug|x64
		{84F97AC8-EBD9-4796-B4B2-A341B162B17A}.Debug|x64.Build.0 = Debug|x64
		{84F97AC8-EBD9-4796-B4B2-A341B162B17A}.Debug|x86.ActiveCfg = Debug|Win32
		{84F97AC8-EBD9-4796-B4B2-A341B162B17A}.Debug|x86.Build.0 = Debug|Win32
		{84F97AC8-EBD9-4796-B4B2-A341B162B17A}.Release|x64.ActiveCfg = Release|x64
		{84F97AC8-EBD9-4796-B4B2-A341B162B17A}.Release|x64.Build.0 = Release|x64
		{84F97AC8-EBD9-4796-B4B2-A341B162B17A}.Release|x86.ActiveCfg = Release|Win32
		{84F97AC8-EBD9-4796-B4B2-A341B162B17A}.Release|x86.Build.0 = Release|Win32
		{86CCC772-B363-47A7-A369-32F6746A24E8}.Debug|x64.ActiveCfg = Debug|x64
		{86CCC772-B363-47A7-A369-32F6746A24E8}.Debug|x64.Build.0 = Debug|x64
		{86CCC772-B363-47A7-A369-32F6746A24E8}.Debug|x86.ActiveCfg = Debug|Win32
		{86CCC772-B363-47A7-A369-32F6746A24E8}.Debug|x86.Build.0 = Debug|Win32
		{86CCC772-B363-47A7-A369-32F6746A24E8}.Release|x64.ActiveCfg = Release|x64
		{86CCC772-B363-47A7-A369-32F6746A24E8}.Release|x64.Build.0 = Release|x64
		{86CCC772-B363-47A7-A369-32F6746A24E8}.Release|x86.ActiveCfg = Release|Win32
		{86CCC772-B363-47A7-A369-32F6746A24E8}.Release|x86.Build.0 = Release|Win32
		{5669EBAD-9A93-4085-8CCE-89A08B4DEB9F}.Debug|x64.ActiveCfg = Debug|x64
		{5669EBAD-9A93-4085-8CCE-89A08B4DEB9F}.Debug|x64.Build.0 = Debug|x64
		{5669EBAD-9A93-4085-8CCE-89A08B4DEB9F}.Debug|x86.ActiveCfg = Debug|Win32
		{5669EBAD-9A93-4085-8CCE-89A08B4DEB9F}.Debug|x86.Build.0 = Debug|Win32
		{5669EBAD-9A93-4085-8CCE-89A08B4DEB9F}.Release|x64.ActiveCfg = Release|x64
		{5669EBAD-9A93-4085-8CCE-89A08B4DEB9F}.Release|x64.Build.0 = Release|x64
		{5669EBAD-9A93-4085-8CCE-89A08B4DEB9F}.Release|x86.ActiveCfg = Release|Win32
		{5669EBAD-9A93-4085-8CCE-89A08B4DEB9F}.Release|x86.Build.0 = Release|Win32
		{E2BAD004-3C41-499A-BEDC-A56FF152932B}.Debug|x64.ActiveCfg = Debug|x64
		{E2BAD004-3C41-499A-BEDC-A56FF152932B}.Debug|x64.Build.0 = Debug|x64
		{E2BAD004-3C41-499A-BEDC-A56FF152932B}.Debug|x86.ActiveCfg = Debug|Win32
		{E2BAD004-3C41-499A-BEDC-A56FF152932B}.Debug|x86.Build.0 = Debug|Win32
		{E2BAD004-3C41-499A-BEDC-A56FF152932B}.Release|x64.ActiveCfg = Release|x64
		{E2BAD004-3C41-499A-BEDC-A56FF152932B}.Release|x64.Build.0 = Release|x64
		{E2BAD004-3C41-499A-BEDC-A56FF152932B}.Release|x86.ActiveCfg = Release|Win32
		{E2BAD004-3C41-499A-BEDC-A56FF152932B}.Release|x86.Build.0 = Release|Win32
		{B00FAB95-F039-4290-8365-ED4BFF9069B9}.Debug|x64.ActiveCfg = Debug|x64
		{B00FAB95-F039-4290-8365-ED4BFF9069B9}.Debug|x64.Build.0 = Debug|x64
		{B00FAB95-F039-4290-8365-ED4BFF9069B9}.Debug|x86.ActiveCfg = Debug|Win32
		{B00FAB95-F039-4290-8365-ED4BFF9069B9}.Debug|x86.Build.0 = Debug|Win32
		{B00FAB95-F039-4290-8365-ED4BFF9069B9}.Release|x64.ActiveCfg = Release|x64
		{B00FAB95-F039-4290-8365-ED4BFF9069B9}.Release|x64.Build.0 = Release|x64
		{B00FAB95-F039-4290-8365-ED4BFF9069B9}.Release|x86.ActiveCfg = Release|Win32
		{B00FAB95-F039-4290-8365-ED4BFF9069B9}.Release|x86.Build.0 = Release|Win32
	EndGlobalSection
	GlobalSection(SolutionProperties) = preSolution
		HideSolutionNode = FALSE
	EndGlobalSection
	GlobalSection(ExtensibilityGlobals) = postSolution
		SolutionGuid = {2B5803F7-FD00-4D42-A334-8055DEB78C49}
	EndGlobalSection
EndGlobal
